
Microsoft Visual Studio Solution File, Format Version 12.00
# Visual Studio 15
VisualStudioVersion = 15.0.28010.2050
MinimumVisualStudioVersion = 10.0.40219.1
Project("{FAE04EC0-301F-11D3-BF4B-00C04F79EFBC}") = "Shop", "Shop\Shop.csproj", "{284A3421-FC92-4FE8-8156-67C40D1E6BA7}"
EndProject
Project("{FAE04EC0-301F-11D3-BF4B-00C04F79EFBC}") = "ShopWithEntityFramework", "ShopWithEntityFramework\ShopWithEntityFramework.csproj", "{38D91C03-F4E1-4444-AF60-3CDDCFE2EF6F}"
EndProject
Global
	GlobalSection(SolutionConfigurationPlatforms) = preSolution
		Debug|Any CPU = Debug|Any CPU
		Release|Any CPU = Release|Any CPU
	EndGlobalSection
	GlobalSection(ProjectConfigurationPlatforms) = postSolution
		{284A3421-FC92-4FE8-8156-67C40D1E6BA7}.Debug|Any CPU.ActiveCfg = Debug|Any CPU
		{284A3421-FC92-4FE8-8156-67C40D1E6BA7}.Debug|Any CPU.Build.0 = Debug|Any CPU
		{284A3421-FC92-4FE8-8156-67C40D1E6BA7}.Release|Any CPU.ActiveCfg = Release|Any CPU
		{284A3421-FC92-4FE8-8156-67C40D1E6BA7}.Release|Any CPU.Build.0 = Release|Any CPU
		{38D91C03-F4E1-4444-AF60-3CDDCFE2EF6F}.Debug|Any CPU.ActiveCfg = Debug|Any CPU
		{38D91C03-F4E1-4444-AF60-3CDDCFE2EF6F}.Debug|Any CPU.Build.0 = Debug|Any CPU
		{38D91C03-F4E1-4444-AF60-3CDDCFE2EF6F}.Release|Any CPU.ActiveCfg = Release|Any CPU
		{38D91C03-F4E1-4444-AF60-3CDDCFE2EF6F}.Release|Any CPU.Build.0 = Release|Any CPU
	EndGlobalSection
	GlobalSection(SolutionProperties) = preSolution
		HideSolutionNode = FALSE
	EndGlobalSection
	GlobalSection(ExtensibilityGlobals) = postSolution
		SolutionGuid = {D402E7D5-72C8-4BD9-9F6C-D5780CCC4A33}
	EndGlobalSection
EndGlobal
